
Microsoft Visual Studio Solution File, Format Version 12.00
# Visual Studio 2013
VisualStudioVersion = 12.0.40629.0
MinimumVisualStudioVersion = 10.0.40219.1
Project("{FAE04EC0-301F-11D3-BF4B-00C04F79EFBC}") = "Calculator_UI", "Calculator_UI\Calculator_UI.csproj", "{EF64BD65-4F93-457A-ABB0-51530F39B73F}"
EndProject
Project("{FAE04EC0-301F-11D3-BF4B-00C04F79EFBC}") = "Calculator_BLL", "Calculator_BLL\Calculator_BLL.csproj", "{7490F200-D0D4-4CCB-91EA-7C8AC556106C}"
EndProject
Project("{FAE04EC0-301F-11D3-BF4B-00C04F79EFBC}") = "Calculator_Tests", "Calculator_Tests\Calculator_Tests.csproj", "{5EC997A7-9830-4A68-9536-719A4D9CABC3}"
EndProject
Global
	GlobalSection(SolutionConfigurationPlatforms) = preSolution
		Debug|Any CPU = Debug|Any CPU
		Release|Any CPU = Release|Any CPU
	EndGlobalSection
	GlobalSection(ProjectConfigurationPlatforms) = postSolution
		{EF64BD65-4F93-457A-ABB0-51530F39B73F}.Debug|Any CPU.ActiveCfg = Debug|Any CPU
		{EF64BD65-4F93-457A-ABB0-51530F39B73F}.Debug|Any CPU.Build.0 = Debug|Any CPU
		{EF64BD65-4F93-457A-ABB0-51530F39B73F}.Release|Any CPU.ActiveCfg = Release|Any CPU
		{EF64BD65-4F93-457A-ABB0-51530F39B73F}.Release|Any CPU.Build.0 = Release|Any CPU
		{7490F200-D0D4-4CCB-91EA-7C8AC556106C}.Debug|Any CPU.ActiveCfg = Debug|Any CPU
		{7490F200-D0D4-4CCB-91EA-7C8AC556106C}.Debug|Any CPU.Build.0 = Debug|Any CPU
		{7490F200-D0D4-4CCB-91EA-7C8AC556106C}.Release|Any CPU.ActiveCfg = Release|Any CPU
		{7490F200-D0D4-4CCB-91EA-7C8AC556106C}.Release|Any CPU.Build.0 = Release|Any CPU
		{5EC997A7-9830-4A68-9536-719A4D9CABC3}.Debug|Any CPU.ActiveCfg = Debug|Any CPU
		{5EC997A7-9830-4A68-9536-719A4D9CABC3}.Debug|Any CPU.Build.0 = Debug|Any CPU
		{5EC997A7-9830-4A68-9536-719A4D9CABC3}.Release|Any CPU.ActiveCfg = Release|Any CPU
		{5EC997A7-9830-4A68-9536-719A4D9CABC3}.Release|Any CPU.Build.0 = Release|Any CPU
	EndGlobalSection
	GlobalSection(SolutionProperties) = preSolution
		HideSolutionNode = FALSE
	EndGlobalSection
EndGlobal
